[[package]]
name = "atomicwrites"
version = "1.4.0"
description = "Atomic file writes."
category = "dev"
optional = false
python-versions = ">=2.7, !=3.0.*, !=3.1.*, !=3.2.*, !=3.3.*"

[package.source]
type = "legacy"
url = "https://mirrors.aliyun.com/pypi/simple"
reference = "aliyun"

[[package]]
name = "attrs"
version = "20.3.0"
description = "Classes Without Boilerplate"
category = "dev"
optional = false
python-versions = ">=2.7, !=3.0.*, !=3.1.*, !=3.2.*, !=3.3.*"

[package.extras]
dev = ["coverage[toml] (>=5.0.2)", "hypothesis", "pympler", "pytest (>=4.3.0)", "six", "zope.interface", "furo", "sphinx", "pre-commit"]
docs = ["furo", "sphinx", "zope.interface"]
tests = ["coverage[toml] (>=5.0.2)", "hypothesis", "pympler", "pytest (>=4.3.0)", "six", "zope.interface"]
tests_no_zope = ["coverage[toml] (>=5.0.2)", "hypothesis", "pympler", "pytest (>=4.3.0)", "six"]

[package.source]
type = "legacy"
url = "https://mirrors.aliyun.com/pypi/simple"
reference = "aliyun"

[[package]]
name = "click"
version = "7.1.2"
description = "Composable command line interface toolkit"
category = "main"
optional = false
python-versions = ">=2.7, !=3.0.*, !=3.1.*, !=3.2.*, !=3.3.*, !=3.4.*"

[package.source]
type = "legacy"
url = "https://mirrors.aliyun.com/pypi/simple"
reference = "aliyun"

[[package]]
name = "colorama"
version = "0.4.4"
description = "Cross-platform colored terminal text."
category = "dev"
optional = false
python-versions = ">=2.7, !=3.0.*, !=3.1.*, !=3.2.*, !=3.3.*, !=3.4.*"

[package.source]
type = "legacy"
url = "https://mirrors.aliyun.com/pypi/simple"
reference = "aliyun"

[[package]]
name = "flake8"
version = "3.8.4"
description = "the modular source code checker: pep8 pyflakes and co"
category = "dev"
optional = false
python-versions = "!=3.0.*,!=3.1.*,!=3.2.*,!=3.3.*,>=2.7"

[package.dependencies]
mccabe = ">=0.6.0,<0.7.0"
pycodestyle = ">=2.6.0a1,<2.7.0"
pyflakes = ">=2.2.0,<2.3.0"

[package.source]
type = "legacy"
url = "https://mirrors.aliyun.com/pypi/simple"
reference = "aliyun"

[[package]]
name = "iniconfig"
version = "1.1.1"
description = "iniconfig: brain-dead simple config-ini parsing"
category = "dev"
optional = false
python-versions = "*"

[package.source]
type = "legacy"
url = "https://mirrors.aliyun.com/pypi/simple"
reference = "aliyun"

[[package]]
name = "isort"
version = "5.6.4"
description = "A Python utility / library to sort Python imports."
category = "dev"
optional = false
python-versions = ">=3.6,<4.0"

[package.extras]
colors = ["colorama (>=0.4.3,<0.5.0)"]
requirements_deprecated_finder = ["pip-api", "pipreqs"]
pipfile_deprecated_finder = ["pipreqs", "requirementslib"]

[package.source]
type = "legacy"
url = "https://mirrors.aliyun.com/pypi/simple"
reference = "aliyun"

[[package]]
name = "lxml"
version = "4.6.1"
description = "Powerful and Pythonic XML processing library combining libxml2/libxslt with the ElementTree API."
category = "main"
optional = false
python-versions = ">=2.7, !=3.0.*, !=3.1.*, !=3.2.*, !=3.3.*, != 3.4.*"

[package.extras]
cssselect = ["cssselect (>=0.7)"]
html5 = ["html5lib"]
htmlsoup = ["beautifulsoup4"]
source = ["Cython (>=0.29.7)"]

[package.source]
type = "legacy"
url = "https://mirrors.aliyun.com/pypi/simple"
reference = "aliyun"

[[package]]
name = "mccabe"
version = "0.6.1"
description = "McCabe checker, plugin for flake8"
category = "dev"
optional = false
python-versions = "*"

[package.source]
type = "legacy"
url = "https://mirrors.aliyun.com/pypi/simple"
reference = "aliyun"

[[package]]
name = "more-itertools"
version = "8.6.0"
description = "More routines for operating on iterables, beyond itertools"
category = "main"
optional = false
python-versions = ">=3.5"

[package.source]
type = "legacy"
url = "https://mirrors.aliyun.com/pypi/simple"
reference = "aliyun"

[[package]]
name = "mypy"
version = "0.790"
description = "Optional static typing for Python"
category = "dev"
optional = false
python-versions = ">=3.5"

[package.dependencies]
mypy-extensions = ">=0.4.3,<0.5.0"
typed-ast = ">=1.4.0,<1.5.0"
typing-extensions = ">=3.7.4"

[package.extras]
dmypy = ["psutil (>=4.0)"]

[package.source]
type = "legacy"
url = "https://mirrors.aliyun.com/pypi/simple"
reference = "aliyun"

[[package]]
name = "mypy-extensions"
version = "0.4.3"
description = "Experimental type system extensions for programs checked with the mypy typechecker."
category = "dev"
optional = false
python-versions = "*"

[package.source]
type = "legacy"
url = "https://mirrors.aliyun.com/pypi/simple"
reference = "aliyun"

[[package]]
name = "packaging"
version = "20.4"
description = "Core utilities for Python packages"
category = "dev"
optional = false
python-versions = ">=2.7, !=3.0.*, !=3.1.*, !=3.2.*, !=3.3.*"

[package.dependencies]
pyparsing = ">=2.0.2"
six = "*"

[package.source]
type = "legacy"
url = "https://mirrors.aliyun.com/pypi/simple"
reference = "aliyun"

[[package]]
name = "pikepdf"
version = "2.0.0"
description = "Read and write PDFs with Python, powered by qpdf"
category = "main"
optional = false
python-versions = ">=3.6"

[package.dependencies]
lxml = ">=4.0"
Pillow = ">=6"

[package.extras]
docs = ["ipython", "matplotlib", "pybind11", "setuptools-scm", "sphinx (>=1.4)", "sphinx-rtd-theme"]

[package.source]
type = "legacy"
url = "https://mirrors.aliyun.com/pypi/simple"
reference = "aliyun"

[[package]]
name = "pillow"
version = "8.0.1"
description = "Python Imaging Library (Fork)"
category = "main"
optional = false
python-versions = ">=3.6"

[package.source]
type = "legacy"
url = "https://mirrors.aliyun.com/pypi/simple"
reference = "aliyun"

[[package]]
name = "pluggy"
version = "0.13.1"
description = "plugin and hook calling mechanisms for python"
category = "dev"
optional = false
python-versions = ">=2.7, !=3.0.*, !=3.1.*, !=3.2.*, !=3.3.*"

[package.extras]
dev = ["pre-commit", "tox"]

[package.source]
type = "legacy"
url = "https://mirrors.aliyun.com/pypi/simple"
reference = "aliyun"

[[package]]
name = "py"
version = "1.9.0"
description = "library with cross-python path, ini-parsing, io, code, log facilities"
category = "dev"
optional = false
python-versions = ">=2.7, !=3.0.*, !=3.1.*, !=3.2.*, !=3.3.*"

[package.source]
type = "legacy"
url = "https://mirrors.aliyun.com/pypi/simple"
reference = "aliyun"

[[package]]
name = "pycodestyle"
version = "2.6.0"
description = "Python style guide checker"
category = "dev"
optional = false
python-versions = ">=2.7, !=3.0.*, !=3.1.*, !=3.2.*, !=3.3.*"

[package.source]
type = "legacy"
url = "https://mirrors.aliyun.com/pypi/simple"
reference = "aliyun"

[[package]]
name = "pyflakes"
version = "2.2.0"
description = "passive checker of Python programs"
category = "dev"
optional = false
python-versions = ">=2.7, !=3.0.*, !=3.1.*, !=3.2.*, !=3.3.*"

[package.source]
type = "legacy"
url = "https://mirrors.aliyun.com/pypi/simple"
reference = "aliyun"

[[package]]
name = "pyparsing"
version = "2.4.7"
description = "Python parsing module"
category = "dev"
optional = false
python-versions = ">=2.6, !=3.0.*, !=3.1.*, !=3.2.*"

[package.source]
type = "legacy"
url = "https://mirrors.aliyun.com/pypi/simple"
reference = "aliyun"

[[package]]
name = "pytest"
version = "6.1.2"
description = "pytest: simple powerful testing with Python"
category = "dev"
optional = false
python-versions = ">=3.5"

[package.dependencies]
atomicwrites = {version = ">=1.0", markers = "sys_platform == \"win32\""}
attrs = ">=17.4.0"
colorama = {version = "*", markers = "sys_platform == \"win32\""}
iniconfig = "*"
packaging = "*"
pluggy = ">=0.12,<1.0"
py = ">=1.8.2"
toml = "*"

[package.extras]
checkqa_mypy = ["mypy (==0.780)"]
testing = ["argcomplete", "hypothesis (>=3.56)", "mock", "nose", "requests", "xmlschema"]

[package.source]
type = "legacy"
url = "https://mirrors.aliyun.com/pypi/simple"
reference = "aliyun"

[[package]]
name = "six"
version = "1.15.0"
description = "Python 2 and 3 compatibility utilities"
category = "dev"
optional = false
python-versions = ">=2.7, !=3.0.*, !=3.1.*, !=3.2.*"

[package.source]
type = "legacy"
url = "https://mirrors.aliyun.com/pypi/simple"
reference = "aliyun"

[[package]]
name = "toml"
version = "0.10.2"
description = "Python Library for Tom's Obvious, Minimal Language"
category = "dev"
optional = false
python-versions = ">=2.6, !=3.0.*, !=3.1.*, !=3.2.*"

[package.source]
type = "legacy"
url = "https://mirrors.aliyun.com/pypi/simple"
reference = "aliyun"

[[package]]
name = "tqdm"
version = "4.52.0"
description = "Fast, Extensible Progress Meter"
category = "main"
optional = false
python-versions = ">=2.6, !=3.0.*, !=3.1.*"

[package.extras]
dev = ["py-make (>=0.1.0)", "twine", "argopt", "pydoc-markdown", "wheel"]

[package.source]
type = "legacy"
url = "https://mirrors.aliyun.com/pypi/simple"
reference = "aliyun"

[[package]]
name = "typed-ast"
version = "1.4.1"
description = "a fork of Python 2 and 3 ast modules with type comment support"
category = "dev"
optional = false
python-versions = "*"

[package.source]
type = "legacy"
url = "https://mirrors.aliyun.com/pypi/simple"
reference = "aliyun"

[[package]]
name = "typer"
version = "0.3.2"
description = "Typer, build great CLIs. Easy to code. Based on Python type hints."
category = "main"
optional = false
python-versions = ">=3.6"

[package.dependencies]
click = ">=7.1.1,<7.2.0"

[package.extras]
all = ["colorama (>=0.4.3,<0.5.0)", "shellingham (>=1.3.0,<2.0.0)"]
dev = ["autoflake (>=1.3.1,<2.0.0)", "flake8 (>=3.8.3,<4.0.0)"]
doc = ["mkdocs (>=1.1.2,<2.0.0)", "mkdocs-material (>=5.4.0,<6.0.0)", "markdown-include (>=0.5.1,<0.6.0)"]
test = ["shellingham (>=1.3.0,<2.0.0)", "pytest (>=4.4.0,<5.4.0)", "pytest-cov (>=2.10.0,<3.0.0)", "coverage (>=5.2,<6.0)", "pytest-xdist (>=1.32.0,<2.0.0)", "pytest-sugar (>=0.9.4,<0.10.0)", "mypy (==0.782)", "black (>=19.10b0,<20.0b0)", "isort (>=5.0.6,<6.0.0)"]

[package.source]
type = "legacy"
url = "https://mirrors.aliyun.com/pypi/simple"
reference = "aliyun"

[[package]]
name = "typing-extensions"
version = "3.7.4.3"
description = "Backported and Experimental Type Hints for Python 3.5+"
category = "dev"
optional = false
python-versions = "*"

[package.source]
type = "legacy"
url = "https://mirrors.aliyun.com/pypi/simple"
reference = "aliyun"

[[package]]
name = "yapf"
version = "0.30.0"
description = "A formatter for Python code."
category = "dev"
optional = false
python-versions = "*"

[package.source]
type = "legacy"
url = "https://mirrors.aliyun.com/pypi/simple"
reference = "aliyun"

[metadata]
lock-version = "1.1"
python-versions = "^3.9"
content-hash = "4b4a557ec76426f5c94de99bcd2d74a82f0e8e6011587186d1786ca0dbd7ecfb"

[metadata.files]
atomicwrites = [
    {file = "atomicwrites-1.4.0-py2.py3-none-any.whl", hash = "sha256:6d1784dea7c0c8d4a5172b6c620f40b6e4cbfdf96d783691f2e1302a7b88e197"},
    {file = "atomicwrites-1.4.0.tar.gz", hash = "sha256:ae70396ad1a434f9c7046fd2dd196fc04b12f9e91ffb859164193be8b6168a7a"},
]
attrs = [
    {file = "attrs-20.3.0-py2.py3-none-any.whl", hash = "sha256:31b2eced602aa8423c2aea9c76a724617ed67cf9513173fd3a4f03e3a929c7e6"},
    {file = "attrs-20.3.0.tar.gz", hash = "sha256:832aa3cde19744e49938b91fea06d69ecb9e649c93ba974535d08ad92164f700"},
]
click = [
    {file = "click-7.1.2-py2.py3-none-any.whl", hash = "sha256:dacca89f4bfadd5de3d7489b7c8a566eee0d3676333fbb50030263894c38c0dc"},
    {file = "click-7.1.2.tar.gz", hash = "sha256:d2b5255c7c6349bc1bd1e59e08cd12acbbd63ce649f2588755783aa94dfb6b1a"},
]
colorama = [
    {file = "colorama-0.4.4-py2.py3-none-any.whl", hash = "sha256:9f47eda37229f68eee03b24b9748937c7dc3868f906e8ba69fbcbdd3bc5dc3e2"},
    {file = "colorama-0.4.4.tar.gz", hash = "sha256:5941b2b48a20143d2267e95b1c2a7603ce057ee39fd88e7329b0c292aa16869b"},
]
flake8 = [
    {file = "flake8-3.8.4-py2.py3-none-any.whl", hash = "sha256:749dbbd6bfd0cf1318af27bf97a14e28e5ff548ef8e5b1566ccfb25a11e7c839"},
    {file = "flake8-3.8.4.tar.gz", hash = "sha256:aadae8761ec651813c24be05c6f7b4680857ef6afaae4651a4eccaef97ce6c3b"},
]
iniconfig = [
    {file = "iniconfig-1.1.1-py2.py3-none-any.whl", hash = "sha256:011e24c64b7f47f6ebd835bb12a743f2fbe9a26d4cecaa7f53bc4f35ee9da8b3"},
    {file = "iniconfig-1.1.1.tar.gz", hash = "sha256:bc3af051d7d14b2ee5ef9969666def0cd1a000e121eaea580d4a313df4b37f32"},
]
isort = [
    {file = "isort-5.6.4-py3-none-any.whl", hash = "sha256:dcab1d98b469a12a1a624ead220584391648790275560e1a43e54c5dceae65e7"},
    {file = "isort-5.6.4.tar.gz", hash = "sha256:dcaeec1b5f0eca77faea2a35ab790b4f3680ff75590bfcb7145986905aab2f58"},
]
lxml = [
    {file = "lxml-4.6.1-cp27-cp27m-macosx_10_9_x86_64.whl", hash = "sha256:4b7572145054330c8e324a72d808c8c8fbe12be33368db28c39a255ad5f7fb51"},
    {file = "lxml-4.6.1-cp27-cp27m-manylinux1_i686.whl", hash = "sha256:302160eb6e9764168e01d8c9ec6becddeb87776e81d3fcb0d97954dd51d48e0a"},
    {file = "lxml-4.6.1-cp27-cp27m-manylinux1_x86_64.whl", hash = "sha256:d4ad7fd3269281cb471ad6c7bafca372e69789540d16e3755dd717e9e5c9d82f"},
    {file = "lxml-4.6.1-cp27-cp27m-win32.whl", hash = "sha256:189ad47203e846a7a4951c17694d845b6ade7917c47c64b29b86526eefc3adf5"},
    {file = "lxml-4.6.1-cp27-cp27m-win_amd64.whl", hash = "sha256:56eff8c6fb7bc4bcca395fdff494c52712b7a57486e4fbde34c31bb9da4c6cc4"},
    {file = "lxml-4.6.1-cp27-cp27mu-manylinux1_i686.whl", hash = "sha256:23c83112b4dada0b75789d73f949dbb4e8f29a0a3511647024a398ebd023347b"},
    {file = "lxml-4.6.1-cp27-cp27mu-manylinux1_x86_64.whl", hash = "sha256:0e89f5d422988c65e6936e4ec0fe54d6f73f3128c80eb7ecc3b87f595523607b"},
    {file = "lxml-4.6.1-cp35-cp35m-manylinux1_i686.whl", hash = "sha256:2358809cc64394617f2719147a58ae26dac9e21bae772b45cfb80baa26bfca5d"},
    {file = "lxml-4.6.1-cp35-cp35m-manylinux1_x86_64.whl", hash = "sha256:be1ebf9cc25ab5399501c9046a7dcdaa9e911802ed0e12b7d620cd4bbf0518b3"},
    {file = "lxml-4.6.1-cp35-cp35m-manylinux2014_aarch64.whl", hash = "sha256:4fff34721b628cce9eb4538cf9a73d02e0f3da4f35a515773cce6f5fe413b360"},
    {file = "lxml-4.6.1-cp35-cp35m-win32.whl", hash = "sha256:475325e037fdf068e0c2140b818518cf6bc4aa72435c407a798b2db9f8e90810"},
    {file = "lxml-4.6.1-cp35-cp35m-win_amd64.whl", hash = "sha256:f98b6f256be6cec8dd308a8563976ddaff0bdc18b730720f6f4bee927ffe926f"},
    {file = "lxml-4.6.1-cp36-cp36m-macosx_10_9_x86_64.whl", hash = "sha256:be7c65e34d1b50ab7093b90427cbc488260e4b3a38ef2435d65b62e9fa3d798a"},
    {file = "lxml-4.6.1-cp36-cp36m-manylinux1_i686.whl", hash = "sha256:d18331ea905a41ae71596502bd4c9a2998902328bbabd29e3d0f5f8569fabad1"},
    {file = "lxml-4.6.1-cp36-cp36m-manylinux1_x86_64.whl", hash = "sha256:3d9b2b72eb0dbbdb0e276403873ecfae870599c83ba22cadff2db58541e72856"},
    {file = "lxml-4.6.1-cp36-cp36m-manylinux2014_aarch64.whl", hash = "sha256:d20d32cbb31d731def4b1502294ca2ee99f9249b63bc80e03e67e8f8e126dea8"},
    {file = "lxml-4.6.1-cp36-cp36m-win32.whl", hash = "sha256:d182eada8ea0de61a45a526aa0ae4bcd222f9673424e65315c35820291ff299c"},
    {file = "lxml-4.6.1-cp36-cp36m-win_amd64.whl", hash = "sha256:c0dac835c1a22621ffa5e5f999d57359c790c52bbd1c687fe514ae6924f65ef5"},
    {file = "lxml-4.6.1-cp37-cp37m-macosx_10_9_x86_64.whl", hash = "sha256:d84d741c6e35c9f3e7406cb7c4c2e08474c2a6441d59322a00dcae65aac6315d"},
    {file = "lxml-4.6.1-cp37-cp37m-manylinux1_i686.whl", hash = "sha256:8862d1c2c020cb7a03b421a9a7b4fe046a208db30994fc8ff68c627a7915987f"},
    {file = "lxml-4.6.1-cp37-cp37m-manylinux1_x86_64.whl", hash = "sha256:3a7a380bfecc551cfd67d6e8ad9faa91289173bdf12e9cfafbd2bdec0d7b1ec1"},
    {file = "lxml-4.6.1-cp37-cp37m-manylinux2014_aarch64.whl", hash = "sha256:2d6571c48328be4304aee031d2d5046cbc8aed5740c654575613c5a4f5a11311"},
    {file = "lxml-4.6.1-cp37-cp37m-win32.whl", hash = "sha256:803a80d72d1f693aa448566be46ffd70882d1ad8fc689a2e22afe63035eb998a"},
    {file = "lxml-4.6.1-cp37-cp37m-win_amd64.whl", hash = "sha256:24e811118aab6abe3ce23ff0d7d38932329c513f9cef849d3ee88b0f848f2aa9"},
    {file = "lxml-4.6.1-cp38-cp38-macosx_10_9_x86_64.whl", hash = "sha256:2e311a10f3e85250910a615fe194839a04a0f6bc4e8e5bb5cac221344e3a7891"},
    {file = "lxml-4.6.1-cp38-cp38-manylinux1_i686.whl", hash = "sha256:a71400b90b3599eb7bf241f947932e18a066907bf84617d80817998cee81e4bf"},
    {file = "lxml-4.6.1-cp38-cp38-manylinux1_x86_64.whl", hash = "sha256:211b3bcf5da70c2d4b84d09232534ad1d78320762e2c59dedc73bf01cb1fc45b"},
    {file = "lxml-4.6.1-cp38-cp38-manylinux2014_aarch64.whl", hash = "sha256:e65c221b2115a91035b55a593b6eb94aa1206fa3ab374f47c6dc10d364583ff9"},
    {file = "lxml-4.6.1-cp38-cp38-win32.whl", hash = "sha256:d6f8c23f65a4bfe4300b85f1f40f6c32569822d08901db3b6454ab785d9117cc"},
    {file = "lxml-4.6.1-cp38-cp38-win_amd64.whl", hash = "sha256:573b2f5496c7e9f4985de70b9bbb4719ffd293d5565513e04ac20e42e6e5583f"},
    {file = "lxml-4.6.1-cp39-cp39-macosx_10_9_x86_64.whl", hash = "sha256:098fb713b31050463751dcc694878e1d39f316b86366fb9fe3fbbe5396ac9fab"},
    {file = "lxml-4.6.1-cp39-cp39-manylinux1_i686.whl", hash = "sha256:1d87936cb5801c557f3e981c9c193861264c01209cb3ad0964a16310ca1b3301"},
    {file = "lxml-4.6.1-cp39-cp39-manylinux1_x86_64.whl", hash = "sha256:2d5896ddf5389560257bbe89317ca7bcb4e54a02b53a3e572e1ce4226512b51b"},
    {file = "lxml-4.6.1-cp39-cp39-manylinux2014_aarch64.whl", hash = "sha256:9b06690224258db5cd39a84e993882a6874676f5de582da57f3df3a82ead9174"},
    {file = "lxml-4.6.1-cp39-cp39-win32.whl", hash = "sha256:bb252f802f91f59767dcc559744e91efa9df532240a502befd874b54571417bd"},
    {file = "lxml-4.6.1-cp39-cp39-win_amd64.whl", hash = "sha256:7ecaef52fd9b9535ae5f01a1dd2651f6608e4ec9dc136fc4dfe7ebe3c3ddb230"},
    {file = "lxml-4.6.1.tar.gz", hash = "sha256:c152b2e93b639d1f36ec5a8ca24cde4a8eefb2b6b83668fcd8e83a67badcb367"},
]
mccabe = [
    {file = "mccabe-0.6.1-py2.py3-none-any.whl", hash = "md5:6afffd590703262843327af8c4051928"},
    {file = "mccabe-0.6.1.tar.gz", hash = "md5:723df2f7b1737b8887475bac4c763e1e"},
]
more-itertools = [
    {file = "more-itertools-8.6.0.tar.gz", hash = "sha256:b3a9005928e5bed54076e6e549c792b306fddfe72b2d1d22dd63d42d5d3899cf"},
    {file = "more_itertools-8.6.0-py3-none-any.whl", hash = "sha256:8e1a2a43b2f2727425f2b5839587ae37093f19153dc26c0927d1048ff6557330"},
]
mypy = [
    {file = "mypy-0.790-cp35-cp35m-macosx_10_6_x86_64.whl", hash = "sha256:bd03b3cf666bff8d710d633d1c56ab7facbdc204d567715cb3b9f85c6e94f669"},
    {file = "mypy-0.790-cp35-cp35m-manylinux1_x86_64.whl", hash = "sha256:2170492030f6faa537647d29945786d297e4862765f0b4ac5930ff62e300d802"},
    {file = "mypy-0.790-cp35-cp35m-win_amd64.whl", hash = "sha256:e86bdace26c5fe9cf8cb735e7cedfe7850ad92b327ac5d797c656717d2ca66de"},
    {file = "mypy-0.790-cp36-cp36m-macosx_10_9_x86_64.whl", hash = "sha256:e97e9c13d67fbe524be17e4d8025d51a7dca38f90de2e462243ab8ed8a9178d1"},
    {file = "mypy-0.790-cp36-cp36m-manylinux1_x86_64.whl", hash = "sha256:0d34d6b122597d48a36d6c59e35341f410d4abfa771d96d04ae2c468dd201abc"},
    {file = "mypy-0.790-cp36-cp36m-win_amd64.whl", hash = "sha256:72060bf64f290fb629bd4a67c707a66fd88ca26e413a91384b18db3876e57ed7"},
    {file = "mypy-0.790-cp37-cp37m-macosx_10_9_x86_64.whl", hash = "sha256:eea260feb1830a627fb526d22fbb426b750d9f5a47b624e8d5e7e004359b219c"},
    {file = "mypy-0.790-cp37-cp37m-manylinux1_x86_64.whl", hash = "sha256:c614194e01c85bb2e551c421397e49afb2872c88b5830e3554f0519f9fb1c178"},
    {file = "mypy-0.790-cp37-cp37m-win_amd64.whl", hash = "sha256:0a0d102247c16ce93c97066443d11e2d36e6cc2a32d8ccc1f705268970479324"},
    {file = "mypy-0.790-cp38-cp38-macosx_10_9_x86_64.whl", hash = "sha256:cf4e7bf7f1214826cf7333627cb2547c0db7e3078723227820d0a2490f117a01"},
    {file = "mypy-0.790-cp38-cp38-manylinux1_x86_64.whl", hash = "sha256:af4e9ff1834e565f1baa74ccf7ae2564ae38c8df2a85b057af1dbbc958eb6666"},
    {file = "mypy-0.790-cp38-cp38-win_amd64.whl", hash = "sha256:da56dedcd7cd502ccd3c5dddc656cb36113dd793ad466e894574125945653cea"},
    {file = "mypy-0.790-py3-none-any.whl", hash = "sha256:2842d4fbd1b12ab422346376aad03ff5d0805b706102e475e962370f874a5122"},
    {file = "mypy-0.790.tar.gz", hash = "sha256:2b21ba45ad9ef2e2eb88ce4aeadd0112d0f5026418324176fd494a6824b74975"},
]
mypy-extensions = [
    {file = "mypy_extensions-0.4.3-py2.py3-none-any.whl", hash = "sha256:090fedd75945a69ae91ce1303b5824f428daf5a028d2f6ab8a299250a846f15d"},
    {file = "mypy_extensions-0.4.3.tar.gz", hash = "sha256:2d82818f5bb3e369420cb3c4060a7970edba416647068eb4c5343488a6c604a8"},
]
packaging = [
    {file = "packaging-20.4-py2.py3-none-any.whl", hash = "sha256:998416ba6962ae7fbd6596850b80e17859a5753ba17c32284f67bfff33784181"},
    {file = "packaging-20.4.tar.gz", hash = "sha256:4357f74f47b9c12db93624a82154e9b120fa8293699949152b22065d556079f8"},
]
pikepdf = [
    {file = "pikepdf-2.0.0-cp36-cp36m-macosx_10_9_x86_64.whl", hash = "sha256:588cea045fedd40e220792a770103cd5d37d47fae7433fba1da01de06ef81e57"},
    {file = "pikepdf-2.0.0-cp36-cp36m-manylinux2010_i686.whl", hash = "sha256:88e4d248ead7876d8bcd7e1564bc85af77829d7d18001f4bc363900e868d5aaa"},
    {file = "pikepdf-2.0.0-cp36-cp36m-manylinux2010_x86_64.whl", hash = "sha256:3a59851ca8d6f47c1e8f5ecd0f1f7923409f27ec265e59f0e9052492c1b634ee"},
    {file = "pikepdf-2.0.0-cp36-cp36m-win32.whl", hash = "sha256:4bd929a9467d8874b956c70f922734218a7fa98a93bf719d7b015d58aca71095"},
    {file = "pikepdf-2.0.0-cp36-cp36m-win_amd64.whl", hash = "sha256:284328f31b6ea42c3c3f7b6c9097d76e4e026e0e2780921de06ab0a82030502d"},
    {file = "pikepdf-2.0.0-cp37-cp37m-macosx_10_9_x86_64.whl", hash = "sha256:087a6f0e299f9bb38a13ad13a5c2d9a8de9070ffc892e827d227d049b7f99362"},
    {file = "pikepdf-2.0.0-cp37-cp37m-manylinux2010_i686.whl", hash = "sha256:b985bcb5b7f60ba9312e7431e4894f673ebeea405975754a9e464270f189a128"},
    {file = "pikepdf-2.0.0-cp37-cp37m-manylinux2010_x86_64.whl", hash = "sha256:030d5c0de2860a239a2eccb49436ad7c512105b2848fefeab6feed44884b9c6b"},
    {file = "pikepdf-2.0.0-cp37-cp37m-win32.whl", hash = "sha256:a81ecca9884aa530d23c706df5e8183fda058754756591a38fcbe1054b4d1637"},
    {file = "pikepdf-2.0.0-cp37-cp37m-win_amd64.whl", hash = "sha256:13d2860b0370180669231e11888a0e0cb62db66ac6299ceef24a71e7685bcdfc"},
    {file = "pikepdf-2.0.0-cp38-cp38-macosx_10_9_x86_64.whl", hash = "sha256:675b22b281376da7c05bb414ef674ce8c97e37d089a1668bd87a71742cc1af9b"},
    {file = "pikepdf-2.0.0-cp38-cp38-manylinux2010_i686.whl", hash = "sha256:4e2997c73889a912646a434d5ae91ac84f193fc666e577166d5da84e178074c1"},
    {file = "pikepdf-2.0.0-cp38-cp38-manylinux2010_x86_64.whl", hash = "sha256:5872b9cc41f37f2bf92960737c69b3565661110f3e68a4bb24a5909776fb4919"},
    {file = "pikepdf-2.0.0-cp38-cp38-win32.whl", hash = "sha256:b89acd9101955aba3b320447686c4d6818efd8d30e870fd5a4cfbc1c75451ba9"},
    {file = "pikepdf-2.0.0-cp38-cp38-win_amd64.whl", hash = "sha256:c0cdb00d9ed1574ae41a2143da0bae0b1ac9cd42a8cf370e84c47822a6106641"},
    {file = "pikepdf-2.0.0-cp39-cp39-macosx_10_9_x86_64.whl", hash = "sha256:92e392841f639dde9cd5efcba0b89cf18ada4f788de7adcc6b8e08677ddae920"},
    {file = "pikepdf-2.0.0-cp39-cp39-manylinux2010_i686.whl", hash = "sha256:70184aa4fa256e0cae7f281067c027218ef92d759599875227321ab0d3dd3e7c"},
    {file = "pikepdf-2.0.0-cp39-cp39-manylinux2010_x86_64.whl", hash = "sha256:f7841970a5f8d8c601504e8090a4b8eab853d3e79d4705962bf2bfa508d026ea"},
    {file = "pikepdf-2.0.0-cp39-cp39-win32.whl", hash = "sha256:3518f096ead2aebb4949ae1d1171ddd7bc5f38e8958d1c70baf1e0cfd203e3eb"},
    {file = "pikepdf-2.0.0-cp39-cp39-win_amd64.whl", hash = "sha256:0b27201f20503c938480c03e2603c70ea503c8bbf89369c86e15aba0d49baaef"},
    {file = "pikepdf-2.0.0.tar.gz", hash = "sha256:c539b944234e6f8facaf437f5be259bad6f74b78f1a8e912b430a9474139171d"},
]
pillow = [
    {file = "Pillow-8.0.1-cp36-cp36m-macosx_10_10_x86_64.whl", hash = "sha256:b63d4ff734263ae4ce6593798bcfee6dbfb00523c82753a3a03cbc05555a9cc3"},
    {file = "Pillow-8.0.1-cp36-cp36m-manylinux1_i686.whl", hash = "sha256:5f9403af9c790cc18411ea398a6950ee2def2a830ad0cfe6dc9122e6d528b302"},
    {file = "Pillow-8.0.1-cp36-cp36m-manylinux1_x86_64.whl", hash = "sha256:6b4a8fd632b4ebee28282a9fef4c341835a1aa8671e2770b6f89adc8e8c2703c"},
    {file = "Pillow-8.0.1-cp36-cp36m-manylinux2014_aarch64.whl", hash = "sha256:cc3ea6b23954da84dbee8025c616040d9aa5eaf34ea6895a0a762ee9d3e12e11"},
    {file = "Pillow-8.0.1-cp36-cp36m-win32.whl", hash = "sha256:d8a96747df78cda35980905bf26e72960cba6d355ace4780d4bdde3b217cdf1e"},
    {file = "Pillow-8.0.1-cp36-cp36m-win_amd64.whl", hash = "sha256:7ba0ba61252ab23052e642abdb17fd08fdcfdbbf3b74c969a30c58ac1ade7cd3"},
    {file = "Pillow-8.0.1-cp37-cp37m-macosx_10_10_x86_64.whl", hash = "sha256:795e91a60f291e75de2e20e6bdd67770f793c8605b553cb6e4387ce0cb302e09"},
    {file = "Pillow-8.0.1-cp37-cp37m-manylinux1_i686.whl", hash = "sha256:0a2e8d03787ec7ad71dc18aec9367c946ef8ef50e1e78c71f743bc3a770f9fae"},
    {file = "Pillow-8.0.1-cp37-cp37m-manylinux1_x86_64.whl", hash = "sha256:006de60d7580d81f4a1a7e9f0173dc90a932e3905cc4d47ea909bc946302311a"},
    {file = "Pillow-8.0.1-cp37-cp37m-manylinux2014_aarch64.whl", hash = "sha256:bd7bf289e05470b1bc74889d1466d9ad4a56d201f24397557b6f65c24a6844b8"},
    {file = "Pillow-8.0.1-cp37-cp37m-win32.whl", hash = "sha256:95edb1ed513e68bddc2aee3de66ceaf743590bf16c023fb9977adc4be15bd3f0"},
    {file = "Pillow-8.0.1-cp37-cp37m-win_amd64.whl", hash = "sha256:e38d58d9138ef972fceb7aeec4be02e3f01d383723965bfcef14d174c8ccd039"},
    {file = "Pillow-8.0.1-cp38-cp38-macosx_10_10_x86_64.whl", hash = "sha256:d3d07c86d4efa1facdf32aa878bd508c0dc4f87c48125cc16b937baa4e5b5e11"},
    {file = "Pillow-8.0.1-cp38-cp38-manylinux1_i686.whl", hash = "sha256:fbd922f702582cb0d71ef94442bfca57624352622d75e3be7a1e7e9360b07e72"},
    {file = "Pillow-8.0.1-cp38-cp38-manylinux1_x86_64.whl", hash = "sha256:92c882b70a40c79de9f5294dc99390671e07fc0b0113d472cbea3fde15db1792"},
    {file = "Pillow-8.0.1-cp38-cp38-manylinux2014_aarch64.whl", hash = "sha256:7c9401e68730d6c4245b8e361d3d13e1035cbc94db86b49dc7da8bec235d0015"},
    {file = "Pillow-8.0.1-cp38-cp38-win32.whl", hash = "sha256:6c1aca8231625115104a06e4389fcd9ec88f0c9befbabd80dc206c35561be271"},
    {file = "Pillow-8.0.1-cp38-cp38-win_amd64.whl", hash = "sha256:cc9ec588c6ef3a1325fa032ec14d97b7309db493782ea8c304666fb10c3bd9a7"},
    {file = "Pillow-8.0.1-cp39-cp39-macosx_10_10_x86_64.whl", hash = "sha256:eb472586374dc66b31e36e14720747595c2b265ae962987261f044e5cce644b5"},
    {file = "Pillow-8.0.1-cp39-cp39-manylinux1_i686.whl", hash = "sha256:0eeeae397e5a79dc088d8297a4c2c6f901f8fb30db47795113a4a605d0f1e5ce"},
    {file = "Pillow-8.0.1-cp39-cp39-manylinux1_x86_64.whl", hash = "sha256:81f812d8f5e8a09b246515fac141e9d10113229bc33ea073fec11403b016bcf3"},
    {file = "Pillow-8.0.1-cp39-cp39-manylinux2014_aarch64.whl", hash = "sha256:895d54c0ddc78a478c80f9c438579ac15f3e27bf442c2a9aa74d41d0e4d12544"},
    {file = "Pillow-8.0.1-cp39-cp39-win32.whl", hash = "sha256:2fb113757a369a6cdb189f8df3226e995acfed0a8919a72416626af1a0a71140"},
    {file = "Pillow-8.0.1-cp39-cp39-win_amd64.whl", hash = "sha256:59e903ca800c8cfd1ebe482349ec7c35687b95e98cefae213e271c8c7fffa021"},
    {file = "Pillow-8.0.1-pp36-pypy36_pp73-macosx_10_10_x86_64.whl", hash = "sha256:5abd653a23c35d980b332bc0431d39663b1709d64142e3652890df4c9b6970f6"},
    {file = "Pillow-8.0.1-pp36-pypy36_pp73-manylinux2010_x86_64.whl", hash = "sha256:4b0ef2470c4979e345e4e0cc1bbac65fda11d0d7b789dbac035e4c6ce3f98adb"},
    {file = "Pillow-8.0.1-pp37-pypy37_pp73-win32.whl", hash = "sha256:8de332053707c80963b589b22f8e0229f1be1f3ca862a932c1bcd48dafb18dd8"},
    {file = "Pillow-8.0.1.tar.gz", hash = "sha256:11c5c6e9b02c9dac08af04f093eb5a2f84857df70a7d4a6a6ad461aca803fb9e"},
]
pluggy = [
    {file = "pluggy-0.13.1-py2.py3-none-any.whl", hash = "sha256:966c145cd83c96502c3c3868f50408687b38434af77734af1e9ca461a4081d2d"},
    {file = "pluggy-0.13.1.tar.gz", hash = "sha256:15b2acde666561e1298d71b523007ed7364de07029219b604cf808bfa1c765b0"},
]
py = [
    {file = "py-1.9.0-py2.py3-none-any.whl", hash = "sha256:366389d1db726cd2fcfc79732e75410e5fe4d31db13692115529d34069a043c2"},
    {file = "py-1.9.0.tar.gz", hash = "sha256:9ca6883ce56b4e8da7e79ac18787889fa5206c79dcc67fb065376cd2fe03f342"},
]
pycodestyle = [
    {file = "pycodestyle-2.6.0-py2.py3-none-any.whl", hash = "sha256:2295e7b2f6b5bd100585ebcb1f616591b652db8a741695b3d8f5d28bdc934367"},
    {file = "pycodestyle-2.6.0.tar.gz", hash = "sha256:c58a7d2815e0e8d7972bf1803331fb0152f867bd89adf8a01dfd55085434192e"},
]
pyflakes = [
    {file = "pyflakes-2.2.0-py2.py3-none-any.whl", hash = "sha256:0d94e0e05a19e57a99444b6ddcf9a6eb2e5c68d3ca1e98e90707af8152c90a92"},
    {file = "pyflakes-2.2.0.tar.gz", hash = "sha256:35b2d75ee967ea93b55750aa9edbbf72813e06a66ba54438df2cfac9e3c27fc8"},
]
pyparsing = [
    {file = "pyparsing-2.4.7-py2.py3-none-any.whl", hash = "sha256:ef9d7589ef3c200abe66653d3f1ab1033c3c419ae9b9bdb1240a85b024efc88b"},
    {file = "pyparsing-2.4.7.tar.gz", hash = "sha256:c203ec8783bf771a155b207279b9bccb8dea02d8f0c9e5f8ead507bc3246ecc1"},
]
pytest = [
    {file = "pytest-6.1.2-py3-none-any.whl", hash = "sha256:4288fed0d9153d9646bfcdf0c0428197dba1ecb27a33bb6e031d002fa88653fe"},
    {file = "pytest-6.1.2.tar.gz", hash = "sha256:c0a7e94a8cdbc5422a51ccdad8e6f1024795939cc89159a0ae7f0b316ad3823e"},
]
six = [
    {file = "six-1.15.0-py2.py3-none-any.whl", hash = "sha256:8b74bedcbbbaca38ff6d7491d76f2b06b3592611af620f8426e82dddb04a5ced"},
    {file = "six-1.15.0.tar.gz", hash = "sha256:30639c035cdb23534cd4aa2dd52c3bf48f06e5f4a941509c8bafd8ce11080259"},
]
toml = [
    {file = "toml-0.10.2-py2.py3-none-any.whl", hash = "sha256:806143ae5bfb6a3c6e736a764057db0e6a0e05e338b5630894a5f779cabb4f9b"},
    {file = "toml-0.10.2.tar.gz", hash = "sha256:b3bda1d108d5dd99f4a20d24d9c348e91c4db7ab1b749200bded2f839ccbe68f"},
]
tqdm = [
    {file = "tqdm-4.52.0-py2.py3-none-any.whl", hash = "sha256:80d9d5165d678dbd027dd102dfb99f71bf05f333b61fb761dbba13b4ab719ead"},
    {file = "tqdm-4.52.0.tar.gz", hash = "sha256:18d6a615aedd09ec8456d9524489dab330af4bd5c2a14a76eb3f9a0e14471afe"},
]
typed-ast = [
    {file = "typed_ast-1.4.1-cp35-cp35m-manylinux1_i686.whl", hash = "sha256:73d785a950fc82dd2a25897d525d003f6378d1cb23ab305578394694202a58c3"},
    {file = "typed_ast-1.4.1-cp35-cp35m-manylinux1_x86_64.whl", hash = "sha256:aaee9905aee35ba5905cfb3c62f3e83b3bec7b39413f0a7f19be4e547ea01ebb"},
    {file = "typed_ast-1.4.1-cp35-cp35m-win32.whl", hash = "sha256:0c2c07682d61a629b68433afb159376e24e5b2fd4641d35424e462169c0a7919"},
    {file = "typed_ast-1.4.1-cp35-cp35m-win_amd64.whl", hash = "sha256:4083861b0aa07990b619bd7ddc365eb7fa4b817e99cf5f8d9cf21a42780f6e01"},
    {file = "typed_ast-1.4.1-cp36-cp36m-macosx_10_9_x86_64.whl", hash = "sha256:269151951236b0f9a6f04015a9004084a5ab0d5f19b57de779f908621e7d8b75"},
    {file = "typed_ast-1.4.1-cp36-cp36m-manylinux1_i686.whl", hash = "sha256:24995c843eb0ad11a4527b026b4dde3da70e1f2d8806c99b7b4a7cf491612652"},
    {file = "typed_ast-1.4.1-cp36-cp36m-manylinux1_x86_64.whl", hash = "sha256:fe460b922ec15dd205595c9b5b99e2f056fd98ae8f9f56b888e7a17dc2b757e7"},
    {file = "typed_ast-1.4.1-cp36-cp36m-manylinux2014_aarch64.whl", hash = "sha256:fcf135e17cc74dbfbc05894ebca928ffeb23d9790b3167a674921db19082401f"},
    {file = "typed_ast-1.4.1-cp36-cp36m-win32.whl", hash = "sha256:4e3e5da80ccbebfff202a67bf900d081906c358ccc3d5e3c8aea42fdfdfd51c1"},
    {file = "typed_ast-1.4.1-cp36-cp36m-win_amd64.whl", hash = "sha256:249862707802d40f7f29f6e1aad8d84b5aa9e44552d2cc17384b209f091276aa"},
    {file = "typed_ast-1.4.1-cp37-cp37m-macosx_10_9_x86_64.whl", hash = "sha256:8ce678dbaf790dbdb3eba24056d5364fb45944f33553dd5869b7580cdbb83614"},
    {file = "typed_ast-1.4.1-cp37-cp37m-manylinux1_i686.whl", hash = "sha256:c9e348e02e4d2b4a8b2eedb48210430658df6951fa484e59de33ff773fbd4b41"},
    {file = "typed_ast-1.4.1-cp37-cp37m-manylinux1_x86_64.whl", hash = "sha256:bcd3b13b56ea479b3650b82cabd6b5343a625b0ced5429e4ccad28a8973f301b"},
    {file = "typed_ast-1.4.1-cp37-cp37m-manylinux2014_aarch64.whl", hash = "sha256:f208eb7aff048f6bea9586e61af041ddf7f9ade7caed625742af423f6bae3298"},
    {file = "typed_ast-1.4.1-cp37-cp37m-win32.whl", hash = "sha256:d5d33e9e7af3b34a40dc05f498939f0ebf187f07c385fd58d591c533ad8562fe"},
    {file = "typed_ast-1.4.1-cp37-cp37m-win_amd64.whl", hash = "sha256:0666aa36131496aed8f7be0410ff974562ab7eeac11ef351def9ea6fa28f6355"},
    {file = "typed_ast-1.4.1-cp38-cp38-macosx_10_15_x86_64.whl", hash = "sha256:d205b1b46085271b4e15f670058ce182bd1199e56b317bf2ec004b6a44f911f6"},
    {file = "typed_ast-1.4.1-cp38-cp38-manylinux1_i686.whl", hash = "sha256:6daac9731f172c2a22ade6ed0c00197ee7cc1221aa84cfdf9c31defeb059a907"},
    {file = "typed_ast-1.4.1-cp38-cp38-manylinux1_x86_64.whl", hash = "sha256:498b0f36cc7054c1fead3d7fc59d2150f4d5c6c56ba7fb150c013fbc683a8d2d"},
    {file = "typed_ast-1.4.1-cp38-cp38-manylinux2014_aarch64.whl", hash = "sha256:7e4c9d7658aaa1fc80018593abdf8598bf91325af6af5cce4ce7c73bc45ea53d"},
    {file = "typed_ast-1.4.1-cp38-cp38-win32.whl", hash = "sha256:715ff2f2df46121071622063fc7543d9b1fd19ebfc4f5c8895af64a77a8c852c"},
    {file = "typed_ast-1.4.1-cp38-cp38-win_amd64.whl", hash = "sha256:fc0fea399acb12edbf8a628ba8d2312f583bdbdb3335635db062fa98cf71fca4"},
    {file = "typed_ast-1.4.1-cp39-cp39-macosx_10_15_x86_64.whl", hash = "sha256:d43943ef777f9a1c42bf4e552ba23ac77a6351de620aa9acf64ad54933ad4d34"},
    {file = "typed_ast-1.4.1-cp39-cp39-macosx_10_9_x86_64.whl", hash = "sha256:92c325624e304ebf0e025d1224b77dd4e6393f18aab8d829b5b7e04afe9b7a2c"},
    {file = "typed_ast-1.4.1-cp39-cp39-manylinux1_i686.whl", hash = "sha256:d648b8e3bf2fe648745c8ffcee3db3ff903d0817a01a12dd6a6ea7a8f4889072"},
    {file = "typed_ast-1.4.1-cp39-cp39-manylinux1_x86_64.whl", hash = "sha256:fac11badff8313e23717f3dada86a15389d0708275bddf766cca67a84ead3e91"},
    {file = "typed_ast-1.4.1-cp39-cp39-manylinux2014_aarch64.whl", hash = "sha256:0d8110d78a5736e16e26213114a38ca35cb15b6515d535413b090bd50951556d"},
    {file = "typed_ast-1.4.1-cp39-cp39-win32.whl", hash = "sha256:b52ccf7cfe4ce2a1064b18594381bccf4179c2ecf7f513134ec2f993dd4ab395"},
    {file = "typed_ast-1.4.1-cp39-cp39-win_amd64.whl", hash = "sha256:3742b32cf1c6ef124d57f95be609c473d7ec4c14d0090e5a5e05a15269fb4d0c"},
    {file = "typed_ast-1.4.1.tar.gz", hash = "sha256:8c8aaad94455178e3187ab22c8b01a3837f8ee50e09cf31f1ba129eb293ec30b"},
]
typer = [
    {file = "typer-0.3.2-py3-none-any.whl", hash = "sha256:ba58b920ce851b12a2d790143009fa00ac1d05b3ff3257061ff69dbdfc3d161b"},
    {file = "typer-0.3.2.tar.gz", hash = "sha256:5455d750122cff96745b0dec87368f56d023725a7ebc9d2e54dd23dc86816303"},
]
typing-extensions = [
    {file = "typing_extensions-3.7.4.3-py2-none-any.whl", hash = "sha256:dafc7639cde7f1b6e1acc0f457842a83e722ccca8eef5270af2d74792619a89f"},
    {file = "typing_extensions-3.7.4.3-py3-none-any.whl", hash = "sha256:7cb407020f00f7bfc3cb3e7881628838e69d8f3fcab2f64742a5e76b2f841918"},
    {file = "typing_extensions-3.7.4.3.tar.gz", hash = "sha256:99d4073b617d30288f569d3f13d2bd7548c3a7e4c8de87db09a9d29bb3a4a60c"},
]
yapf = [
    {file = "yapf-0.30.0-py2.py3-none-any.whl", hash = "sha256:3abf61ba67cf603069710d30acbc88cfe565d907e16ad81429ae90ce9651e0c9"},
    {file = "yapf-0.30.0.tar.gz", hash = "sha256:3000abee4c28daebad55da6c85f3cd07b8062ce48e2e9943c8da1b9667d48427"},
]
